{
  "requires": true,
  "lockfileVersion": 1,
  "dependencies": {
    "@types/googlemaps": {
      "version": "3.39.1",
      "resolved": "https://registry.npmjs.org/@types/googlemaps/-/googlemaps-3.39.1.tgz",
      "integrity": "sha512-a6o1F2Ge3ElxMV5DcLlHJo2/jPX/SayySFY8Hn8qYJ+8sYU2LHlW78YeYXb4mbdyw/2hjYTnPrQfYl5VXcgdWA=="
    }
  }
}
